{
  "dependencies": {
    "amdefine": {
      "version": "1.0.0",
      "from": "amdefine@>=0.0.4",
      "resolved": "https://registry.npmjs.org/amdefine/-/amdefine-1.0.0.tgz"
    },
    "asap": {
      "version": "2.0.4",
      "from": "asap@>=2.0.3 <2.1.0",
      "resolved": "https://registry.npmjs.org/asap/-/asap-2.0.4.tgz"
    },
    "async": {
      "version": "2.0.1",
      "from": "async@*",
      "resolved": "https://registry.npmjs.org/async/-/async-2.0.1.tgz"
    },
    "caseless": {
      "version": "0.11.0",
      "from": "caseless@>=0.11.0 <0.12.0",
      "resolved": "https://registry.npmjs.org/caseless/-/caseless-0.11.0.tgz"
    },
    "concat-stream": {
      "version": "1.5.1",
      "from": "concat-stream@>=1.4.7 <2.0.0",
      "resolved": "https://registry.npmjs.org/concat-stream/-/concat-stream-1.5.1.tgz"
    },
    "core-util-is": {
      "version": "1.0.2",
      "from": "core-util-is@>=1.0.0 <1.1.0",
      "resolved": "https://registry.npmjs.org/core-util-is/-/core-util-is-1.0.2.tgz"
    },
    "deep-is": {
      "version": "0.1.3",
      "from": "deep-is@>=0.1.3 <0.2.0",
      "resolved": "https://registry.npmjs.org/deep-is/-/deep-is-0.1.3.tgz"
    },
    "escodegen": {
      "version": "1.8.1",
      "from": "escodegen@*",
      "resolved": "https://registry.npmjs.org/escodegen/-/escodegen-1.8.1.tgz"
    },
    "esprima": {
      "version": "2.7.2",
      "from": "esprima@*",
      "resolved": "https://registry.npmjs.org/esprima/-/esprima-2.7.2.tgz"
    },
    "estraverse": {
      "version": "1.9.3",
      "from": "estraverse@>=1.9.1 <2.0.0",
      "resolved": "https://registry.npmjs.org/estraverse/-/estraverse-1.9.3.tgz"
    },
    "esutils": {
      "version": "2.0.2",
      "from": "esutils@>=2.0.2 <3.0.0",
      "resolved": "https://registry.npmjs.org/esutils/-/esutils-2.0.2.tgz"
    },
    "fast-levenshtein": {
      "version": "1.1.4",
      "from": "fast-levenshtein@>=1.1.0 <2.0.0",
      "resolved": "https://registry.npmjs.org/fast-levenshtein/-/fast-levenshtein-1.1.4.tgz"
    },
    "foreachasync": {
      "version": "3.0.0",
      "from": "foreachasync@>=3.0.0 <4.0.0",
      "resolved": "https://registry.npmjs.org/foreachasync/-/foreachasync-3.0.0.tgz"
    },
    "http-basic": {
      "version": "2.5.1",
      "from": "http-basic@>=2.5.1 <3.0.0",
      "resolved": "https://registry.npmjs.org/http-basic/-/http-basic-2.5.1.tgz"
    },
    "http-response-object": {
      "version": "1.1.0",
      "from": "http-response-object@>=1.0.1 <2.0.0",
      "resolved": "https://registry.npmjs.org/http-response-object/-/http-response-object-1.1.0.tgz"
    },
    "iconv-lite": {
      "version": "0.4.13",
      "from": "iconv-lite@*",
      "resolved": "https://registry.npmjs.org/iconv-lite/-/iconv-lite-0.4.13.tgz"
    },
    "inherits": {
      "version": "2.0.1",
      "from": "inherits@>=2.0.1 <2.1.0",
      "resolved": "https://registry.npmjs.org/inherits/-/inherits-2.0.1.tgz"
    },
    "isarray": {
      "version": "1.0.0",
      "from": "isarray@>=1.0.0 <1.1.0",
      "resolved": "https://registry.npmjs.org/isarray/-/isarray-1.0.0.tgz"
    },
    "levn": {
      "version": "0.3.0",
      "from": "levn@>=0.3.0 <0.4.0",
      "resolved": "https://registry.npmjs.org/levn/-/levn-0.3.0.tgz"
    },
    "lodash": {
      "version": "4.15.0",
      "from": "lodash@>=4.8.0 <5.0.0",
      "resolved": "https://registry.npmjs.org/lodash/-/lodash-4.15.0.tgz"
    },
    "minimist": {
      "version": "1.2.0",
      "from": "minimist@*",
      "resolved": "https://registry.npmjs.org/minimist/-/minimist-1.2.0.tgz"
    },
    "optionator": {
      "version": "0.8.1",
      "from": "optionator@>=0.8.1 <0.9.0",
      "resolved": "https://registry.npmjs.org/optionator/-/optionator-0.8.1.tgz"
    },
    "prelude-ls": {
      "version": "1.1.2",
      "from": "prelude-ls@>=1.1.2 <1.2.0",
      "resolved": "https://registry.npmjs.org/prelude-ls/-/prelude-ls-1.1.2.tgz"
    },
    "process-nextick-args": {
      "version": "1.0.7",
      "from": "process-nextick-args@>=1.0.6 <1.1.0",
      "resolved": "https://registry.npmjs.org/process-nextick-args/-/process-nextick-args-1.0.7.tgz"
    },
    "promise": {
      "version": "7.1.1",
      "from": "promise@>=7.1.1 <8.0.0",
      "resolved": "https://registry.npmjs.org/promise/-/promise-7.1.1.tgz"
    },
    "qs": {
      "version": "6.2.1",
      "from": "qs@>=6.1.0 <7.0.0",
      "resolved": "https://registry.npmjs.org/qs/-/qs-6.2.1.tgz"
    },
    "readable-stream": {
      "version": "2.0.6",
      "from": "readable-stream@>=2.0.0 <2.1.0",
      "resolved": "https://registry.npmjs.org/readable-stream/-/readable-stream-2.0.6.tgz"
    },
    "source-map": {
      "version": "0.2.0",
      "from": "source-map@>=0.2.0 <0.3.0",
      "resolved": "https://registry.npmjs.org/source-map/-/source-map-0.2.0.tgz"
    },
    "string_decoder": {
      "version": "0.10.31",
      "from": "string_decoder@>=0.10.0 <0.11.0",
      "resolved": "https://registry.npmjs.org/string_decoder/-/string_decoder-0.10.31.tgz"
    },
    "sync-request": {
      "version": "3.0.1",
      "from": "sync-request@*",
      "resolved": "https://registry.npmjs.org/sync-request/-/sync-request-3.0.1.tgz"
    },
    "then-request": {
      "version": "2.2.0",
      "from": "then-request@>=2.0.1 <3.0.0",
      "resolved": "https://registry.npmjs.org/then-request/-/then-request-2.2.0.tgz"
    },
    "type-check": {
      "version": "0.3.2",
      "from": "type-check@>=0.3.2 <0.4.0",
      "resolved": "https://registry.npmjs.org/type-check/-/type-check-0.3.2.tgz"
    },
    "typedarray": {
      "version": "0.0.6",
      "from": "typedarray@>=0.0.5 <0.1.0",
      "resolved": "https://registry.npmjs.org/typedarray/-/typedarray-0.0.6.tgz"
    },
    "util-deprecate": {
      "version": "1.0.2",
      "from": "util-deprecate@>=1.0.1 <1.1.0",
      "resolved": "https://registry.npmjs.org/util-deprecate/-/util-deprecate-1.0.2.tgz"
    },
    "uuid": {
      "version": "2.0.2",
      "from": "uuid@*",
      "resolved": "https://registry.npmjs.org/uuid/-/uuid-2.0.2.tgz"
    },
    "walk": {
      "version": "2.3.9",
      "from": "walk@*",
      "resolved": "https://registry.npmjs.org/walk/-/walk-2.3.9.tgz"
    },
    "wordwrap": {
      "version": "1.0.0",
      "from": "wordwrap@>=1.0.0 <1.1.0",
      "resolved": "https://registry.npmjs.org/wordwrap/-/wordwrap-1.0.0.tgz"
    }
  }
}
